Microsoft Visual Studio Solution File, Format Version 12.00
# Visual Studio Version 17
VisualStudioVersion = 17.5.2.0
MinimumVisualStudioVersion = 10.0.40219.1
Project("{FAE04EC0-301F-11D3-BF4B-00C04F79EFBC}") = "RL2Archipelago", "RL2Archipelago.csproj", "{7AB7DE3A-A789-CA11-6D8D-C52E2401A8B6}"
EndProject
Global
	GlobalSection(SolutionConfigurationPlatforms) = preSolution
		Debug|Any CPU = Debug|Any CPU
		Release|Any CPU = Release|Any CPU
	EndGlobalSection
	GlobalSection(ProjectConfigurationPlatforms) = postSolution
		{7AB7DE3A-A789-CA11-6D8D-C52E2401A8B6}.Debug|Any CPU.ActiveCfg = Debug|Any CPU
		{7AB7DE3A-A789-CA11-6D8D-C52E2401A8B6}.Debug|Any CPU.Build.0 = Debug|Any CPU
		{7AB7DE3A-A789-CA11-6D8D-C52E2401A8B6}.Release|Any CPU.ActiveCfg = Release|Any CPU
		{7AB7DE3A-A789-CA11-6D8D-C52E2401A8B6}.Release|Any CPU.Build.0 = Release|Any CPU
	EndGlobalSection
	GlobalSection(SolutionProperties) = preSolution
		HideSolutionNode = FALSE
	EndGlobalSection
	GlobalSection(ExtensibilityGlobals) = postSolution
		SolutionGuid = {B5E980C0-4F06-4676-AAFD-1D2717582884}
	EndGlobalSection
EndGlobal
